// !$*UTF8*$!
{
	archiveVersion = 1;
	classes = {
	};
	objectVersion = 50;
	objects = {

/* Begin PBXBuildFile section */
		14AC61E1D77949FF55389B1E /* Pods_CoffeeLovers.framework in Frameworks */ = {isa = PBXBuildFile; fileRef = C5CD10579C9BCAB451768F91 /* Pods_CoffeeLovers.framework */; };
		3A468BEA21346B2E0046DAFD /* AppDelegate.swift in Sources */ = {isa = PBXBuildFile; fileRef = 3A468BE921346B2E0046DAFD /* AppDelegate.swift */; };
		3A468BEF21346B2E0046DAFD /* Main.storyboard in Resources */ = {isa = PBXBuildFile; fileRef = 3A468BED21346B2E0046DAFD /* Main.storyboard */; };
		3A468BF121346B320046DAFD /* Assets.xcassets in Resources */ = {isa = PBXBuildFile; fileRef = 3A468BF021346B320046DAFD /* Assets.xcassets */; };
		3A468BFC213476AC0046DAFD /* Launch Screen.storyboard in Resources */ = {isa = PBXBuildFile; fileRef = 3A468BFB213476AC0046DAFD /* Launch Screen.storyboard */; };
		3A468C0F21371B570046DAFD /* CoffeeViewCell.swift in Sources */ = {isa = PBXBuildFile; fileRef = 3A468C0D21371B570046DAFD /* CoffeeViewCell.swift */; };
		3A468C1021371B570046DAFD /* CoffeeViewCell.xib in Resources */ = {isa = PBXBuildFile; fileRef = 3A468C0E21371B570046DAFD /* CoffeeViewCell.xib */; };
		3A468C3B2137D88B0046DAFD /* CoffeeLoversDB.xcdatamodeld in Sources */ = {isa = PBXBuildFile; fileRef = 3A468C392137D88B0046DAFD /* CoffeeLoversDB.xcdatamodeld */; };
		3AA1824A231AE2DE006ADC8A /* CoffeeController.swift in Sources */ = {isa = PBXBuildFile; fileRef = 3AA18249231AE2DE006ADC8A /* CoffeeController.swift */; };
		3AADE6D0231ACFB10099168C /* CoffeeCollectionViewController.swift in Sources */ = {isa = PBXBuildFile; fileRef = 3AADE6CF231ACFB10099168C /* CoffeeCollectionViewController.swift */; };
		3AB02005231A693000AC0EC4 /* CoreDataStore.swift in Sources */ = {isa = PBXBuildFile; fileRef = 3AB02004231A693000AC0EC4 /* CoreDataStore.swift */; };
		3AC4B87D2138FBB600052E9F /* CoffeeData.json in Sources */ = {isa = PBXBuildFile; fileRef = 3AC4B87C2138FBB600052E9F /* CoffeeData.json */; };
		3AC54296231C369800E78AAE /* IngredientCell.swift in Sources */ = {isa = PBXBuildFile; fileRef = 3AC54294231C369800E78AAE /* IngredientCell.swift */; };
		3AC54297231C369800E78AAE /* IngredientCell.xib in Resources */ = {isa = PBXBuildFile; fileRef = 3AC54295231C369800E78AAE /* IngredientCell.xib */; };
		3AF197AF2138FFB40087140F /* CoffeeData.json in Resources */ = {isa = PBXBuildFile; fileRef = 3AC4B87C2138FBB600052E9F /* CoffeeData.json */; };
		AB0355CA231D315600BE3D59 /* CoffeePresenter.swift in Sources */ = {isa = PBXBuildFile; fileRef = AB0355C9231D315600BE3D59 /* CoffeePresenter.swift */; };
		AB0B2D43232A5C0B00D65D96 /* ManagedCoffee.swift in Sources */ = {isa = PBXBuildFile; fileRef = AB0B2D3F232A5C0B00D65D96 /* ManagedCoffee.swift */; };
		AB25B10D281A7C8D0059DDE9 /* RecipeCell.swift in Sources */ = {isa = PBXBuildFile; fileRef = AB25B10B281A7C8D0059DDE9 /* RecipeCell.swift */; };
		AB25B10E281A7C8D0059DDE9 /* RecipeCell.xib in Resources */ = {isa = PBXBuildFile; fileRef = AB25B10C281A7C8D0059DDE9 /* RecipeCell.xib */; };
		AB25B110281C18AD0059DDE9 /* UIView+Extensions.swift in Sources */ = {isa = PBXBuildFile; fileRef = AB25B10F281C18AD0059DDE9 /* UIView+Extensions.swift */; };
		AB25B113281C28A30059DDE9 /* CollectionUIComposer.swift in Sources */ = {isa = PBXBuildFile; fileRef = AB25B112281C28A20059DDE9 /* CollectionUIComposer.swift */; };
		AB25B115281C290B0059DDE9 /* WeakWrapper.swift in Sources */ = {isa = PBXBuildFile; fileRef = AB25B114281C290B0059DDE9 /* WeakWrapper.swift */; };
		AB25B117281C2A430059DDE9 /* Coffee.swift in Sources */ = {isa = PBXBuildFile; fileRef = AB25B116281C2A430059DDE9 /* Coffee.swift */; };
		AB3791B527C3E8B90000B0A4 /* CoffeeLoversUnitTests.swift in Sources */ = {isa = PBXBuildFile; fileRef = AB3791B427C3E8B90000B0A4 /* CoffeeLoversUnitTests.swift */; };
		AB3791BA27C51DB30000B0A4 /* CoffeeCollectionPresenter.swift in Sources */ = {isa = PBXBuildFile; fileRef = AB3791B927C51DB30000B0A4 /* CoffeeCollectionPresenter.swift */; };
		ABE7CD9827F0E7D600DBB02E /* ModalView.xib in Resources */ = {isa = PBXBuildFile; fileRef = ABE7CD9727F0E7D600DBB02E /* ModalView.xib */; };
		ABE7CD9B27F19F2B00DBB02E /* ModalView.swift in Sources */ = {isa = PBXBuildFile; fileRef = ABE7CD9A27F19F2B00DBB02E /* ModalView.swift */; };
		ABE7CD9D27F5EC6700DBB02E /* CollectionTabNavigationController.swift in Sources */ = {isa = PBXBuildFile; fileRef = ABE7CD9C27F5EC6700DBB02E /* CollectionTabNavigationController.swift */; };
		ABE7CD9F27F74C5500DBB02E /* StringHolder.swift in Sources */ = {isa = PBXBuildFile; fileRef = ABE7CD9E27F74C5500DBB02E /* StringHolder.swift */; };
/* End PBXBuildFile section */

/* Begin PBXFileReference section */
		3A468BE621346B2E0046DAFD /* CoffeeLovers.app */ = {isa = PBXFileReference; explicitFileType = wrapper.application; includeInIndex = 0; path = CoffeeLovers.app; sourceTree = BUILT_PRODUCTS_DIR; };
		3A468BE921346B2E0046DAFD /* AppDelegate.swift */ = {isa = PBXFileReference; lastKnownFileType = sourcecode.swift; path = AppDelegate.swift; sourceTree = "<group>"; };
		3A468BEE21346B2E0046DAFD /* Base */ = {isa = PBXFileReference; lastKnownFileType = file.storyboard; name = Base; path = Base.lproj/Main.storyboard; sourceTree = "<group>"; };
		3A468BF021346B320046DAFD /* Assets.xcassets */ = {isa = PBXFileReference; lastKnownFileType = folder.assetcatalog; path = Assets.xcassets; sourceTree = "<group>"; };
		3A468BFB213476AC0046DAFD /* Launch Screen.storyboard */ = {isa = PBXFileReference; lastKnownFileType = file.storyboard; path = "Launch Screen.storyboard"; sourceTree = "<group>"; };
		3A468C0D21371B570046DAFD /* CoffeeViewCell.swift */ = {isa = PBXFileReference; lastKnownFileType = sourcecode.swift; path = CoffeeViewCell.swift; sourceTree = "<group>"; };
		3A468C0E21371B570046DAFD /* CoffeeViewCell.xib */ = {isa = PBXFileReference; lastKnownFileType = file.xib; path = CoffeeViewCell.xib; sourceTree = "<group>"; };
		3A468C3A2137D88B0046DAFD /* CoffeeLoversDB.xcdatamodel */ = {isa = PBXFileReference; lastKnownFileType = wrapper.xcdatamodel; path = CoffeeLoversDB.xcdatamodel; sourceTree = "<group>"; };
		3AA18249231AE2DE006ADC8A /* CoffeeController.swift */ = {isa = PBXFileReference; lastKnownFileType = sourcecode.swift; name = CoffeeController.swift; path = CoffeeLovers/View/Controllers/CoffeeController.swift; sourceTree = SOURCE_ROOT; };
		3AADE6C1231A6B460099168C /* Info.plist */ = {isa = PBXFileReference; fileEncoding = 4; lastKnownFileType = text.plist.xml; path = Info.plist; sourceTree = "<group>"; };
		3AADE6CF231ACFB10099168C /* CoffeeCollectionViewController.swift */ = {isa = PBXFileReference; fileEncoding = 4; lastKnownFileType = sourcecode.swift; name = CoffeeCollectionViewController.swift; path = CoffeeLovers/Controllers/CoffeeCollectionViewController.swift; sourceTree = SOURCE_ROOT; };
		3AB02004231A693000AC0EC4 /* CoreDataStore.swift */ = {isa = PBXFileReference; fileEncoding = 4; lastKnownFileType = sourcecode.swift; path = CoreDataStore.swift; sourceTree = "<group>"; };
		3AC4B87C2138FBB600052E9F /* CoffeeData.json */ = {isa = PBXFileReference; lastKnownFileType = text.json; path = CoffeeData.json; sourceTree = "<group>"; };
		3AC54294231C369800E78AAE /* IngredientCell.swift */ = {isa = PBXFileReference; lastKnownFileType = sourcecode.swift; path = IngredientCell.swift; sourceTree = "<group>"; };
		3AC54295231C369800E78AAE /* IngredientCell.xib */ = {isa = PBXFileReference; lastKnownFileType = file.xib; path = IngredientCell.xib; sourceTree = "<group>"; };
		7B1969495835B20856A27964 /* Pods-CoffeeLovers.release.xcconfig */ = {isa = PBXFileReference; includeInIndex = 1; lastKnownFileType = text.xcconfig; name = "Pods-CoffeeLovers.release.xcconfig"; path = "Pods/Target Support Files/Pods-CoffeeLovers/Pods-CoffeeLovers.release.xcconfig"; sourceTree = "<group>"; };
		AB0355C9231D315600BE3D59 /* CoffeePresenter.swift */ = {isa = PBXFileReference; lastKnownFileType = sourcecode.swift; path = CoffeePresenter.swift; sourceTree = "<group>"; };
		AB0B2D3F232A5C0B00D65D96 /* ManagedCoffee.swift */ = {isa = PBXFileReference; fileEncoding = 4; lastKnownFileType = sourcecode.swift; path = ManagedCoffee.swift; sourceTree = "<group>"; };
		AB25B10B281A7C8D0059DDE9 /* RecipeCell.swift */ = {isa = PBXFileReference; lastKnownFileType = sourcecode.swift; path = RecipeCell.swift; sourceTree = "<group>"; };
		AB25B10C281A7C8D0059DDE9 /* RecipeCell.xib */ = {isa = PBXFileReference; lastKnownFileType = file.xib; path = RecipeCell.xib; sourceTree = "<group>"; };
		AB25B10F281C18AD0059DDE9 /* UIView+Extensions.swift */ = {isa = PBXFileReference; lastKnownFileType = sourcecode.swift; path = "UIView+Extensions.swift"; sourceTree = "<group>"; };
		AB25B112281C28A20059DDE9 /* CollectionUIComposer.swift */ = {isa = PBXFileReference; lastKnownFileType = sourcecode.swift; path = CollectionUIComposer.swift; sourceTree = "<group>"; };
		AB25B114281C290B0059DDE9 /* WeakWrapper.swift */ = {isa = PBXFileReference; lastKnownFileType = sourcecode.swift; path = WeakWrapper.swift; sourceTree = "<group>"; };
		AB25B116281C2A430059DDE9 /* Coffee.swift */ = {isa = PBXFileReference; lastKnownFileType = sourcecode.swift; path = Coffee.swift; sourceTree = "<group>"; };
		AB3791B227C3E8B90000B0A4 /* CoffeeLoversUnitTests.xctest */ = {isa = PBXFileReference; explicitFileType = wrapper.cfbundle; includeInIndex = 0; path = CoffeeLoversUnitTests.xctest; sourceTree = BUILT_PRODUCTS_DIR; };
		AB3791B427C3E8B90000B0A4 /* CoffeeLoversUnitTests.swift */ = {isa = PBXFileReference; lastKnownFileType = sourcecode.swift; path = CoffeeLoversUnitTests.swift; sourceTree = "<group>"; };
		AB3791B927C51DB30000B0A4 /* CoffeeCollectionPresenter.swift */ = {isa = PBXFileReference; lastKnownFileType = sourcecode.swift; path = CoffeeCollectionPresenter.swift; sourceTree = "<group>"; };
		ABE7CD9727F0E7D600DBB02E /* ModalView.xib */ = {isa = PBXFileReference; lastKnownFileType = file.xib; path = ModalView.xib; sourceTree = "<group>"; };
		ABE7CD9A27F19F2B00DBB02E /* ModalView.swift */ = {isa = PBXFileReference; lastKnownFileType = sourcecode.swift; path = ModalView.swift; sourceTree = "<group>"; };
		ABE7CD9C27F5EC6700DBB02E /* CollectionTabNavigationController.swift */ = {isa = PBXFileReference; lastKnownFileType = sourcecode.swift; path = CollectionTabNavigationController.swift; sourceTree = "<group>"; };
		ABE7CD9E27F74C5500DBB02E /* StringHolder.swift */ = {isa = PBXFileReference; lastKnownFileType = sourcecode.swift; path = StringHolder.swift; sourceTree = "<group>"; };
		C5CD10579C9BCAB451768F91 /* Pods_CoffeeLovers.framework */ = {isa = PBXFileReference; explicitFileType = wrapper.framework; includeInIndex = 0; path = Pods_CoffeeLovers.framework; sourceTree = BUILT_PRODUCTS_DIR; };
		D166E95D079EC521A3BBBCF9 /* Pods-CoffeeLovers.debug.xcconfig */ = {isa = PBXFileReference; includeInIndex = 1; lastKnownFileType = text.xcconfig; name = "Pods-CoffeeLovers.debug.xcconfig"; path = "Pods/Target Support Files/Pods-CoffeeLovers/Pods-CoffeeLovers.debug.xcconfig"; sourceTree = "<group>"; };
/* End PBXFileReference section */

/* Begin PBXFrameworksBuildPhase section */
		3A468BE321346B2D0046DAFD /* Frameworks */ = {
			isa = PBXFrameworksBuildPhase;
			buildActionMask = 2147483647;
			files = (
				14AC61E1D77949FF55389B1E /* Pods_CoffeeLovers.framework in Frameworks */,
			);
			runOnlyForDeploymentPostprocessing = 0;
		};
		AB3791AF27C3E8B90000B0A4 /* Frameworks */ = {
			isa = PBXFrameworksBuildPhase;
			buildActionMask = 2147483647;
			files = (
			);
			runOnlyForDeploymentPostprocessing = 0;
		};
/* End PBXFrameworksBuildPhase section */

/* Begin PBXGroup section */
		253F188A24C7CE8DFBFDB048 /* Frameworks */ = {
			isa = PBXGroup;
			children = (
				C5CD10579C9BCAB451768F91 /* Pods_CoffeeLovers.framework */,
			);
			name = Frameworks;
			sourceTree = "<group>";
		};
		3A22931B2319153000CE30CD /* Presenter */ = {
			isa = PBXGroup;
			children = (
				AB3791B927C51DB30000B0A4 /* CoffeeCollectionPresenter.swift */,
				AB0355C9231D315600BE3D59 /* CoffeePresenter.swift */,
			);
			path = Presenter;
			sourceTree = "<group>";
		};
		3A22931E2319861D00CE30CD /* DataService */ = {
			isa = PBXGroup;
			children = (
				3AB02004231A693000AC0EC4 /* CoreDataStore.swift */,
				3A468C392137D88B0046DAFD /* CoffeeLoversDB.xcdatamodeld */,
				AB0B2D3F232A5C0B00D65D96 /* ManagedCoffee.swift */,
				ABE7CD9E27F74C5500DBB02E /* StringHolder.swift */,
			);
			path = DataService;
			sourceTree = "<group>";
		};
		3A37E65A214B73AD00F35F57 /* Extensions */ = {
			isa = PBXGroup;
			children = (
				AB25B10F281C18AD0059DDE9 /* UIView+Extensions.swift */,
			);
			path = Extensions;
			sourceTree = "<group>";
		};
		3A468BDD21346B2D0046DAFD = {
			isa = PBXGroup;
			children = (
				3A468BE821346B2E0046DAFD /* CoffeeLovers */,
				AB3791B327C3E8B90000B0A4 /* CoffeeLoversUnitTests */,
				3A468BE721346B2E0046DAFD /* Products */,
				E662BAFA8568133A69E11007 /* Pods */,
				253F188A24C7CE8DFBFDB048 /* Frameworks */,
			);
			sourceTree = "<group>";
		};
		3A468BE721346B2E0046DAFD /* Products */ = {
			isa = PBXGroup;
			children = (
				3A468BE621346B2E0046DAFD /* CoffeeLovers.app */,
				AB3791B227C3E8B90000B0A4 /* CoffeeLoversUnitTests.xctest */,
			);
			name = Products;
			sourceTree = "<group>";
		};
		3A468BE821346B2E0046DAFD /* CoffeeLovers */ = {
			isa = PBXGroup;
			children = (
				AB25B111281C28900059DDE9 /* Composer */,
				ABEA48F4231821F500A655B1 /* SupportingFiles */,
				ABEA48F3231821DD00A655B1 /* Storyboard */,
				3A468C07213539430046DAFD /* Model */,
				3A22931E2319861D00CE30CD /* DataService */,
				3A468C092135397A0046DAFD /* View */,
				3A22931B2319153000CE30CD /* Presenter */,
				3A37E65A214B73AD00F35F57 /* Extensions */,
			);
			path = CoffeeLovers;
			sourceTree = "<group>";
		};
		3A468C07213539430046DAFD /* Model */ = {
			isa = PBXGroup;
			children = (
				AB25B116281C2A430059DDE9 /* Coffee.swift */,
			);
			path = Model;
			sourceTree = "<group>";
		};
		3A468C08213539710046DAFD /* Controllers */ = {
			isa = PBXGroup;
			children = (
				ABE7CD9C27F5EC6700DBB02E /* CollectionTabNavigationController.swift */,
				3AADE6CF231ACFB10099168C /* CoffeeCollectionViewController.swift */,
				3AA18249231AE2DE006ADC8A /* CoffeeController.swift */,
			);
			name = Controllers;
			path = ../Controllers;
			sourceTree = "<group>";
		};
		3A468C092135397A0046DAFD /* View */ = {
			isa = PBXGroup;
			children = (
				ABE7CD9927F19EAC00DBB02E /* ModalView */,
				3A468C08213539710046DAFD /* Controllers */,
				3A468C0D21371B570046DAFD /* CoffeeViewCell.swift */,
				3A468C0E21371B570046DAFD /* CoffeeViewCell.xib */,
				3AC54294231C369800E78AAE /* IngredientCell.swift */,
				3AC54295231C369800E78AAE /* IngredientCell.xib */,
				AB25B10B281A7C8D0059DDE9 /* RecipeCell.swift */,
				AB25B10C281A7C8D0059DDE9 /* RecipeCell.xib */,
			);
			path = View;
			sourceTree = "<group>";
		};
		AB25B111281C28900059DDE9 /* Composer */ = {
			isa = PBXGroup;
			children = (
				AB25B112281C28A20059DDE9 /* CollectionUIComposer.swift */,
				AB25B114281C290B0059DDE9 /* WeakWrapper.swift */,
			);
			path = Composer;
			sourceTree = "<group>";
		};
		AB3791B327C3E8B90000B0A4 /* CoffeeLoversUnitTests */ = {
			isa = PBXGroup;
			children = (
				AB3791B427C3E8B90000B0A4 /* CoffeeLoversUnitTests.swift */,
			);
			path = CoffeeLoversUnitTests;
			sourceTree = "<group>";
		};
		ABE7CD9927F19EAC00DBB02E /* ModalView */ = {
			isa = PBXGroup;
			children = (
				ABE7CD9727F0E7D600DBB02E /* ModalView.xib */,
				ABE7CD9A27F19F2B00DBB02E /* ModalView.swift */,
			);
			path = ModalView;
			sourceTree = "<group>";
		};
		ABEA48F3231821DD00A655B1 /* Storyboard */ = {
			isa = PBXGroup;
			children = (
				3A468BFB213476AC0046DAFD /* Launch Screen.storyboard */,
				3A468BED21346B2E0046DAFD /* Main.storyboard */,
			);
			path = Storyboard;
			sourceTree = "<group>";
		};
		ABEA48F4231821F500A655B1 /* SupportingFiles */ = {
			isa = PBXGroup;
			children = (
				3AADE6C1231A6B460099168C /* Info.plist */,
				3A468BE921346B2E0046DAFD /* AppDelegate.swift */,
				3A468BF021346B320046DAFD /* Assets.xcassets */,
				3AC4B87C2138FBB600052E9F /* CoffeeData.json */,
			);
			path = SupportingFiles;
			sourceTree = "<group>";
		};
		E662BAFA8568133A69E11007 /* Pods */ = {
			isa = PBXGroup;
			children = (
				D166E95D079EC521A3BBBCF9 /* Pods-CoffeeLovers.debug.xcconfig */,
				7B1969495835B20856A27964 /* Pods-CoffeeLovers.release.xcconfig */,
			);
			name = Pods;
			sourceTree = "<group>";
		};
/* End PBXGroup section */

/* Begin PBXNativeTarget section */
		3A468BE521346B2D0046DAFD /* CoffeeLovers */ = {
			isa = PBXNativeTarget;
			buildConfigurationList = 3A468BF821346B320046DAFD /* Build configuration list for PBXNativeTarget "CoffeeLovers" */;
			buildPhases = (
				AB1080842F816C62B6AF50A3 /* [CP] Check Pods Manifest.lock */,
				3A468BE221346B2D0046DAFD /* Sources */,
				3A468BE321346B2D0046DAFD /* Frameworks */,
				3A468BE421346B2D0046DAFD /* Resources */,
				0F358AA45C86C29E32BD7344 /* [CP] Embed Pods Frameworks */,
			);
			buildRules = (
			);
			dependencies = (
			);
			name = CoffeeLovers;
			productName = CoffeeLovers;
			productReference = 3A468BE621346B2E0046DAFD /* CoffeeLovers.app */;
			productType = "com.apple.product-type.application";
		};
		AB3791B127C3E8B90000B0A4 /* CoffeeLoversUnitTests */ = {
			isa = PBXNativeTarget;
			buildConfigurationList = AB3791B827C3E8B90000B0A4 /* Build configuration list for PBXNativeTarget "CoffeeLoversUnitTests" */;
			buildPhases = (
				AB3791AE27C3E8B90000B0A4 /* Sources */,
				AB3791AF27C3E8B90000B0A4 /* Frameworks */,
				AB3791B027C3E8B90000B0A4 /* Resources */,
			);
			buildRules = (
			);
			dependencies = (
			);
			name = CoffeeLoversUnitTests;
			productName = CoffeeLoversUnitTests;
			productReference = AB3791B227C3E8B90000B0A4 /* CoffeeLoversUnitTests.xctest */;
			productType = "com.apple.product-type.bundle.unit-test";
		};
/* End PBXNativeTarget section */

/* Begin PBXProject section */
		3A468BDE21346B2D0046DAFD /* Project object */ = {
			isa = PBXProject;
			attributes = {
				LastSwiftUpdateCheck = 1320;
				LastUpgradeCheck = 1320;
				ORGANIZATIONNAME = Valeria;
				TargetAttributes = {
					3A468BE521346B2D0046DAFD = {
						CreatedOnToolsVersion = 9.4.1;
						LastSwiftMigration = 1320;
					};
					AB3791B127C3E8B90000B0A4 = {
						CreatedOnToolsVersion = 13.2.1;
					};
				};
			};
			buildConfigurationList = 3A468BE121346B2D0046DAFD /* Build configuration list for PBXProject "CoffeeLovers" */;
			compatibilityVersion = "Xcode 9.3";
			developmentRegion = en;
			hasScannedForEncodings = 0;
			knownRegions = (
				en,
				Base,
			);
			mainGroup = 3A468BDD21346B2D0046DAFD;
			productRefGroup = 3A468BE721346B2E0046DAFD /* Products */;
			projectDirPath = "";
			projectRoot = "";
			targets = (
				3A468BE521346B2D0046DAFD /* CoffeeLovers */,
				AB3791B127C3E8B90000B0A4 /* CoffeeLoversUnitTests */,
			);
		};
/* End PBXProject section */

/* Begin PBXResourcesBuildPhase section */
		3A468BE421346B2D0046DAFD /* Resources */ = {
			isa = PBXResourcesBuildPhase;
			buildActionMask = 2147483647;
			files = (
				3AF197AF2138FFB40087140F /* CoffeeData.json in Resources */,
				3A468BF121346B320046DAFD /* Assets.xcassets in Resources */,
				ABE7CD9827F0E7D600DBB02E /* ModalView.xib in Resources */,
				3AC54297231C369800E78AAE /* IngredientCell.xib in Resources */,
				3A468BFC213476AC0046DAFD /* Launch Screen.storyboard in Resources */,
				3A468BEF21346B2E0046DAFD /* Main.storyboard in Resources */,
				3A468C1021371B570046DAFD /* CoffeeViewCell.xib in Resources */,
				AB25B10E281A7C8D0059DDE9 /* RecipeCell.xib in Resources */,
			);
			runOnlyForDeploymentPostprocessing = 0;
		};
		AB3791B027C3E8B90000B0A4 /* Resources */ = {
			isa = PBXResourcesBuildPhase;
			buildActionMask = 2147483647;
			files = (
			);
			runOnlyForDeploymentPostprocessing = 0;
		};
/* End PBXResourcesBuildPhase section */

/* Begin PBXShellScriptBuildPhase section */
		0F358AA45C86C29E32BD7344 /* [CP] Embed Pods Frameworks */ = {
			isa = PBXShellScriptBuildPhase;
			buildActionMask = 2147483647;
			files = (
			);
			inputPaths = (
				"${PODS_ROOT}/Target Support Files/Pods-CoffeeLovers/Pods-CoffeeLovers-frameworks.sh",
				"${BUILT_PRODUCTS_DIR}/SwiftyJSON/SwiftyJSON.framework",
			);
			name = "[CP] Embed Pods Frameworks";
			outputPaths = (
				"${TARGET_BUILD_DIR}/${FRAMEWORKS_FOLDER_PATH}/SwiftyJSON.framework",
			);
			runOnlyForDeploymentPostprocessing = 0;
			shellPath = /bin/sh;
			shellScript = "\"${PODS_ROOT}/Target Support Files/Pods-CoffeeLovers/Pods-CoffeeLovers-frameworks.sh\"\n";
			showEnvVarsInLog = 0;
		};
		AB1080842F816C62B6AF50A3 /* [CP] Check Pods Manifest.lock */ = {
			isa = PBXShellScriptBuildPhase;
			buildActionMask = 2147483647;
			files = (
			);
			inputPaths = (
				"${PODS_PODFILE_DIR_PATH}/Podfile.lock",
				"${PODS_ROOT}/Manifest.lock",
			);
			name = "[CP] Check Pods Manifest.lock";
			outputPaths = (
				"$(DERIVED_FILE_DIR)/Pods-CoffeeLovers-checkManifestLockResult.txt",
			);
			runOnlyForDeploymentPostprocessing = 0;
			shellPath = /bin/sh;
			shellScript = "diff \"${PODS_PODFILE_DIR_PATH}/Podfile.lock\" \"${PODS_ROOT}/Manifest.lock\" > /dev/null\nif [ $? != 0 ] ; then\n    # print error to STDERR\n    echo \"error: The sandbox is not in sync with the Podfile.lock. Run 'pod install' or update your CocoaPods installation.\" >&2\n    exit 1\nfi\n# This output is used by Xcode 'outputs' to avoid re-running this script phase.\necho \"SUCCESS\" > \"${SCRIPT_OUTPUT_FILE_0}\"\n";
			showEnvVarsInLog = 0;
		};
/* End PBXShellScriptBuildPhase section */

/* Begin PBXSourcesBuildPhase section */
		3A468BE221346B2D0046DAFD /* Sources */ = {
			isa = PBXSourcesBuildPhase;
			buildActionMask = 2147483647;
			files = (
				3A468C0F21371B570046DAFD /* CoffeeViewCell.swift in Sources */,
				AB25B117281C2A430059DDE9 /* Coffee.swift in Sources */,
				AB25B115281C290B0059DDE9 /* WeakWrapper.swift in Sources */,
				AB3791BA27C51DB30000B0A4 /* CoffeeCollectionPresenter.swift in Sources */,
				3AC54296231C369800E78AAE /* IngredientCell.swift in Sources */,
				AB25B113281C28A30059DDE9 /* CollectionUIComposer.swift in Sources */,
				3A468BEA21346B2E0046DAFD /* AppDelegate.swift in Sources */,
				AB0355CA231D315600BE3D59 /* CoffeePresenter.swift in Sources */,
				ABE7CD9D27F5EC6700DBB02E /* CollectionTabNavigationController.swift in Sources */,
				AB25B110281C18AD0059DDE9 /* UIView+Extensions.swift in Sources */,
				ABE7CD9F27F74C5500DBB02E /* StringHolder.swift in Sources */,
				AB0B2D43232A5C0B00D65D96 /* ManagedCoffee.swift in Sources */,
				3A468C3B2137D88B0046DAFD /* CoffeeLoversDB.xcdatamodeld in Sources */,
				3AC4B87D2138FBB600052E9F /* CoffeeData.json in Sources */,
				3AADE6D0231ACFB10099168C /* CoffeeCollectionViewController.swift in Sources */,
				AB25B10D281A7C8D0059DDE9 /* RecipeCell.swift in Sources */,
				3AB02005231A693000AC0EC4 /* CoreDataStore.swift in Sources */,
				ABE7CD9B27F19F2B00DBB02E /* ModalView.swift in Sources */,
				3AA1824A231AE2DE006ADC8A /* CoffeeController.swift in Sources */,
			);
			runOnlyForDeploymentPostprocessing = 0;
		};
		AB3791AE27C3E8B90000B0A4 /* Sources */ = {
			isa = PBXSourcesBuildPhase;
			buildActionMask = 2147483647;
			files = (
				AB3791B527C3E8B90000B0A4 /* CoffeeLoversUnitTests.swift in Sources */,
			);
			runOnlyForDeploymentPostprocessing = 0;
		};
/* End PBXSourcesBuildPhase section */

/* Begin PBXVariantGroup section */
		3A468BED21346B2E0046DAFD /* Main.storyboard */ = {
			isa = PBXVariantGroup;
			children = (
				3A468BEE21346B2E0046DAFD /* Base */,
			);
			name = Main.storyboard;
			sourceTree = "<group>";
		};
/* End PBXVariantGroup section */

/* Begin XCBuildConfiguration section */
		3A468BF621346B320046DAFD /* Debug */ = {
			isa = XCBuildConfiguration;
			buildSettings = {
				ALWAYS_SEARCH_USER_PATHS = NO;
				CLANG_ANALYZER_NONNULL = YES;
				CLANG_ANALYZER_NUMBER_OBJECT_CONVERSION = YES_AGGRESSIVE;
				CLANG_CXX_LANGUAGE_STANDARD = "gnu++14";
				CLANG_CXX_LIBRARY = "libc++";
				CLANG_ENABLE_MODULES = YES;
				CLANG_ENABLE_OBJC_ARC = YES;
				CLANG_ENABLE_OBJC_WEAK = YES;
				CLANG_WARN_BLOCK_CAPTURE_AUTORELEASING = YES;
				CLANG_WARN_BOOL_CONVERSION = YES;
				CLANG_WARN_COMMA = YES;
				CLANG_WARN_CONSTANT_CONVERSION = YES;
				CLANG_WARN_DEPRECATED_OBJC_IMPLEMENTATIONS = YES;
				CLANG_WARN_DIRECT_OBJC_ISA_USAGE = YES_ERROR;
				CLANG_WARN_DOCUMENTATION_COMMENTS = YES;
				CLANG_WARN_EMPTY_BODY = YES;
				CLANG_WARN_ENUM_CONVERSION = YES;
				CLANG_WARN_INFINITE_RECURSION = YES;
				CLANG_WARN_INT_CONVERSION = YES;
				CLANG_WARN_NON_LITERAL_NULL_CONVERSION = YES;
				CLANG_WARN_OBJC_IMPLICIT_RETAIN_SELF = YES;
				CLANG_WARN_OBJC_LITERAL_CONVERSION = YES;
				CLANG_WARN_OBJC_ROOT_CLASS = YES_ERROR;
				CLANG_WARN_QUOTED_INCLUDE_IN_FRAMEWORK_HEADER = YES;
				CLANG_WARN_RANGE_LOOP_ANALYSIS = YES;
				CLANG_WARN_STRICT_PROTOTYPES = YES;
				CLANG_WARN_SUSPICIOUS_MOVE = YES;
				CLANG_WARN_UNGUARDED_AVAILABILITY = YES_AGGRESSIVE;
				CLANG_WARN_UNREACHABLE_CODE = YES;
				CLANG_WARN__DUPLICATE_METHOD_MATCH = YES;
				CODE_SIGN_IDENTITY = "iPhone Developer";
				COPY_PHASE_STRIP = NO;
				DEBUG_INFORMATION_FORMAT = dwarf;
				ENABLE_STRICT_OBJC_MSGSEND = YES;
				ENABLE_TESTABILITY = YES;
				GCC_C_LANGUAGE_STANDARD = gnu11;
				GCC_DYNAMIC_NO_PIC = NO;
				GCC_NO_COMMON_BLOCKS = YES;
				GCC_OPTIMIZATION_LEVEL = 0;
				GCC_PREPROCESSOR_DEFINITIONS = (
					"DEBUG=1",
					"$(inherited)",
				);
				GCC_WARN_64_TO_32_BIT_CONVERSION = YES;
				GCC_WARN_ABOUT_RETURN_TYPE = YES_ERROR;
				GCC_WARN_UNDECLARED_SELECTOR = YES;
				GCC_WARN_UNINITIALIZED_AUTOS = YES_AGGRESSIVE;
				GCC_WARN_UNUSED_FUNCTION = YES;
				GCC_WARN_UNUSED_VARIABLE = YES;
				IPHONEOS_DEPLOYMENT_TARGET = 12.0;
				MTL_ENABLE_DEBUG_INFO = YES;
				ONLY_ACTIVE_ARCH = YES;
				SDKROOT = iphoneos;
				SWIFT_ACTIVE_COMPILATION_CONDITIONS = DEBUG;
				SWIFT_OPTIMIZATION_LEVEL = "-Onone";
			};
			name = Debug;
		};
		3A468BF721346B320046DAFD /* Release */ = {
			isa = XCBuildConfiguration;
			buildSettings = {
				ALWAYS_SEARCH_USER_PATHS = NO;
				CLANG_ANALYZER_NONNULL = YES;
				CLANG_ANALYZER_NUMBER_OBJECT_CONVERSION = YES_AGGRESSIVE;
				CLANG_CXX_LANGUAGE_STANDARD = "gnu++14";
				CLANG_CXX_LIBRARY = "libc++";
				CLANG_ENABLE_MODULES = YES;
				CLANG_ENABLE_OBJC_ARC = YES;
				CLANG_ENABLE_OBJC_WEAK = YES;
				CLANG_WARN_BLOCK_CAPTURE_AUTORELEASING = YES;
				CLANG_WARN_BOOL_CONVERSION = YES;
				CLANG_WARN_COMMA = YES;
				CLANG_WARN_CONSTANT_CONVERSION = YES;
				CLANG_WARN_DEPRECATED_OBJC_IMPLEMENTATIONS = YES;
				CLANG_WARN_DIRECT_OBJC_ISA_USAGE = YES_ERROR;
				CLANG_WARN_DOCUMENTATION_COMMENTS = YES;
				CLANG_WARN_EMPTY_BODY = YES;
				CLANG_WARN_ENUM_CONVERSION = YES;
				CLANG_WARN_INFINITE_RECURSION = YES;
				CLANG_WARN_INT_CONVERSION = YES;
				CLANG_WARN_NON_LITERAL_NULL_CONVERSION = YES;
				CLANG_WARN_OBJC_IMPLICIT_RETAIN_SELF = YES;
				CLANG_WARN_OBJC_LITERAL_CONVERSION = YES;
				CLANG_WARN_OBJC_ROOT_CLASS = YES_ERROR;
				CLANG_WARN_QUOTED_INCLUDE_IN_FRAMEWORK_HEADER = YES;
				CLANG_WARN_RANGE_LOOP_ANALYSIS = YES;
				CLANG_WARN_STRICT_PROTOTYPES = YES;
				CLANG_WARN_SUSPICIOUS_MOVE = YES;
				CLANG_WARN_UNGUARDED_AVAILABILITY = YES_AGGRESSIVE;
				CLANG_WARN_UNREACHABLE_CODE = YES;
				CLANG_WARN__DUPLICATE_METHOD_MATCH = YES;
				CODE_SIGN_IDENTITY = "iPhone Developer";
				COPY_PHASE_STRIP = NO;
				DEBUG_INFORMATION_FORMAT = "dwarf-with-dsym";
				ENABLE_NS_ASSERTIONS = NO;
				ENABLE_STRICT_OBJC_MSGSEND = YES;
				GCC_C_LANGUAGE_STANDARD = gnu11;
				GCC_NO_COMMON_BLOCKS = YES;
				GCC_WARN_64_TO_32_BIT_CONVERSION = YES;
				GCC_WARN_ABOUT_RETURN_TYPE = YES_ERROR;
				GCC_WARN_UNDECLARED_SELECTOR = YES;
				GCC_WARN_UNINITIALIZED_AUTOS = YES_AGGRESSIVE;
				GCC_WARN_UNUSED_FUNCTION = YES;
				GCC_WARN_UNUSED_VARIABLE = YES;
				IPHONEOS_DEPLOYMENT_TARGET = 12.0;
				MTL_ENABLE_DEBUG_INFO = NO;
				SDKROOT = iphoneos;
				SWIFT_COMPILATION_MODE = wholemodule;
				SWIFT_OPTIMIZATION_LEVEL = "-O";
				VALIDATE_PRODUCT = YES;
			};
			name = Release;
		};
		3A468BF921346B320046DAFD /* Debug */ = {
			isa = XCBuildConfiguration;
			baseConfigurationReference = D166E95D079EC521A3BBBCF9 /* Pods-CoffeeLovers.debug.xcconfig */;
			buildSettings = {
				ASSETCATALOG_COMPILER_APPICON_NAME = AppIcon;
				CODE_SIGN_STYLE = Automatic;
				DEVELOPMENT_TEAM = AVJG4WW9RV;
				INFOPLIST_FILE = "$(SRCROOT)/CoffeeLovers/SupportingFiles/Info.plist";
				LD_RUNPATH_SEARCH_PATHS = (
					"$(inherited)",
					"@executable_path/Frameworks",
				);
				PRODUCT_BUNDLE_IDENTIFIER = com.valeriachub.CoffeeLovers;
				PRODUCT_NAME = "$(TARGET_NAME)";
				SWIFT_VERSION = 5.0;
				TARGETED_DEVICE_FAMILY = "1,2";
			};
			name = Debug;
		};
		3A468BFA21346B320046DAFD /* Release */ = {
			isa = XCBuildConfiguration;
			baseConfigurationReference = 7B1969495835B20856A27964 /* Pods-CoffeeLovers.release.xcconfig */;
			buildSettings = {
				ASSETCATALOG_COMPILER_APPICON_NAME = AppIcon;
				CODE_SIGN_STYLE = Automatic;
				DEVELOPMENT_TEAM = AVJG4WW9RV;
				INFOPLIST_FILE = "$(SRCROOT)/CoffeeLovers/SupportingFiles/Info.plist";
				LD_RUNPATH_SEARCH_PATHS = (
					"$(inherited)",
					"@executable_path/Frameworks",
				);
				PRODUCT_BUNDLE_IDENTIFIER = com.valeriachub.CoffeeLovers;
				PRODUCT_NAME = "$(TARGET_NAME)";
				SWIFT_VERSION = 5.0;
				TARGETED_DEVICE_FAMILY = "1,2";
			};
			name = Release;
		};
		AB3791B627C3E8B90000B0A4 /* Debug */ = {
			isa = XCBuildConfiguration;
			buildSettings = {
				CLANG_CXX_LANGUAGE_STANDARD = "gnu++17";
				CODE_SIGN_STYLE = Automatic;
				CURRENT_PROJECT_VERSION = 1;
				DEVELOPMENT_TEAM = AVJG4WW9RV;
				GENERATE_INFOPLIST_FILE = YES;
				MACOSX_DEPLOYMENT_TARGET = 11.6;
				MARKETING_VERSION = 1.0;
				MTL_ENABLE_DEBUG_INFO = INCLUDE_SOURCE;
				MTL_FAST_MATH = YES;
				PRODUCT_BUNDLE_IDENTIFIER = com.chubdeveloper.collectionViewProject.CoffeeLoversUnitTests;
				PRODUCT_NAME = "$(TARGET_NAME)";
				SDKROOT = macosx;
				SWIFT_EMIT_LOC_STRINGS = NO;
				SWIFT_VERSION = 5.0;
			};
			name = Debug;
		};
		AB3791B727C3E8B90000B0A4 /* Release */ = {
			isa = XCBuildConfiguration;
			buildSettings = {
				CLANG_CXX_LANGUAGE_STANDARD = "gnu++17";
				CODE_SIGN_STYLE = Automatic;
				CURRENT_PROJECT_VERSION = 1;
				DEVELOPMENT_TEAM = AVJG4WW9RV;
				GENERATE_INFOPLIST_FILE = YES;
				MACOSX_DEPLOYMENT_TARGET = 11.6;
				MARKETING_VERSION = 1.0;
				MTL_FAST_MATH = YES;
				PRODUCT_BUNDLE_IDENTIFIER = com.chubdeveloper.collectionViewProject.CoffeeLoversUnitTests;
				PRODUCT_NAME = "$(TARGET_NAME)";
				SDKROOT = macosx;
				SWIFT_EMIT_LOC_STRINGS = NO;
				SWIFT_VERSION = 5.0;
			};
			name = Release;
		};
/* End XCBuildConfiguration section */

/* Begin XCConfigurationList section */
		3A468BE121346B2D0046DAFD /* Build configuration list for PBXProject "CoffeeLovers" */ = {
			isa = XCConfigurationList;
			buildConfigurations = (
				3A468BF621346B320046DAFD /* Debug */,
				3A468BF721346B320046DAFD /* Release */,
			);
			defaultConfigurationIsVisible = 0;
			defaultConfigurationName = Release;
		};
		3A468BF821346B320046DAFD /* Build configuration list for PBXNativeTarget "CoffeeLovers" */ = {
			isa = XCConfigurationList;
			buildConfigurations = (
				3A468BF921346B320046DAFD /* Debug */,
				3A468BFA21346B320046DAFD /* Release */,
			);
			defaultConfigurationIsVisible = 0;
			defaultConfigurationName = Release;
		};
		AB3791B827C3E8B90000B0A4 /* Build configuration list for PBXNativeTarget "CoffeeLoversUnitTests" */ = {
			isa = XCConfigurationList;
			buildConfigurations = (
				AB3791B627C3E8B90000B0A4 /* Debug */,
				AB3791B727C3E8B90000B0A4 /* Release */,
			);
			defaultConfigurationIsVisible = 0;
			defaultConfigurationName = Release;
		};
/* End XCConfigurationList section */

/* Begin XCVersionGroup section */
		3A468C392137D88B0046DAFD /* CoffeeLoversDB.xcdatamodeld */ = {
			isa = XCVersionGroup;
			children = (
				3A468C3A2137D88B0046DAFD /* CoffeeLoversDB.xcdatamodel */,
			);
			currentVersion = 3A468C3A2137D88B0046DAFD /* CoffeeLoversDB.xcdatamodel */;
			path = CoffeeLoversDB.xcdatamodeld;
			sourceTree = "<group>";
			versionGroupType = wrapper.xcdatamodel;
		};
/* End XCVersionGroup section */
	};
	rootObject = 3A468BDE21346B2D0046DAFD /* Project object */;
}
